
Microsoft Visual Studio Solution File, Format Version 12.00
# Visual Studio 15
VisualStudioVersion = 15.0.27703.2047
MinimumVisualStudioVersion = 10.0.40219.1
Project("{FAE04EC0-301F-11D3-BF4B-00C04F79EFBC}") = "DSED_07_Web_Development", "DSED_07_Web_Development\DSED_07_Web_Development.csproj", "{29908E36-C902-41A8-8F71-AD5A9403FD67}"
EndProject
Global
	GlobalSection(SolutionConfigurationPlatforms) = preSolution
		Debug|Any CPU = Debug|Any CPU
		Release|Any CPU = Release|Any CPU
	EndGlobalSection
	GlobalSection(ProjectConfigurationPlatforms) = postSolution
		{29908E36-C902-41A8-8F71-AD5A9403FD67}.Debug|Any CPU.ActiveCfg = Debug|Any CPU
		{29908E36-C902-41A8-8F71-AD5A9403FD67}.Debug|Any CPU.Build.0 = Debug|Any CPU
		{29908E36-C902-41A8-8F71-AD5A9403FD67}.Release|Any CPU.ActiveCfg = Release|Any CPU
		{29908E36-C902-41A8-8F71-AD5A9403FD67}.Release|Any CPU.Build.0 = Release|Any CPU
	EndGlobalSection
	GlobalSection(SolutionProperties) = preSolution
		HideSolutionNode = FALSE
	EndGlobalSection
	GlobalSection(ExtensibilityGlobals) = postSolution
		SolutionGuid = {5D3FF86B-A73F-4161-966E-7E0495879382}
	EndGlobalSection
EndGlobal
